
Microsoft Visual Studio Solution File, Format Version 12.00
# Visual Studio 15
VisualStudioVersion = 15.0.28010.2026
MinimumVisualStudioVersion = 10.0.40219.1
Project("{FAE04EC0-301F-11D3-BF4B-00C04F79EFBC}") = "robertdonoghue_s00190029", "robertdonoghue_s00190029\robertdonoghue_s00190029.csproj", "{17DF004A-F92E-4714-B776-8927632D3CB3}"
EndProject
Project("{FAE04EC0-301F-11D3-BF4B-00C04F79EFBC}") = "Testing", "Testing\Testing.csproj", "{9E40FDB1-B13A-494E-8B34-1AB1AA96A25F}"
EndProject
Project("{FAE04EC0-301F-11D3-BF4B-00C04F79EFBC}") = "DataManagement", "DataManagement\DataManagement.csproj", "{A3934D30-75F2-46D1-A292-F52C06BD0358}"
EndProject
Global
	GlobalSection(SolutionConfigurationPlatforms) = preSolution
		Debug|Any CPU = Debug|Any CPU
		Release|Any CPU = Release|Any CPU
	EndGlobalSection
	GlobalSection(ProjectConfigurationPlatforms) = postSolution
		{17DF004A-F92E-4714-B776-8927632D3CB3}.Debug|Any CPU.ActiveCfg = Debug|Any CPU
		{17DF004A-F92E-4714-B776-8927632D3CB3}.Debug|Any CPU.Build.0 = Debug|Any CPU
		{17DF004A-F92E-4714-B776-8927632D3CB3}.Release|Any CPU.ActiveCfg = Release|Any CPU
		{17DF004A-F92E-4714-B776-8927632D3CB3}.Release|Any CPU.Build.0 = Release|Any CPU
		{9E40FDB1-B13A-494E-8B34-1AB1AA96A25F}.Debug|Any CPU.ActiveCfg = Debug|Any CPU
		{9E40FDB1-B13A-494E-8B34-1AB1AA96A25F}.Debug|Any CPU.Build.0 = Debug|Any CPU
		{9E40FDB1-B13A-494E-8B34-1AB1AA96A25F}.Release|Any CPU.ActiveCfg = Release|Any CPU
		{9E40FDB1-B13A-494E-8B34-1AB1AA96A25F}.Release|Any CPU.Build.0 = Release|Any CPU
		{A3934D30-75F2-46D1-A292-F52C06BD0358}.Debug|Any CPU.ActiveCfg = Debug|Any CPU
		{A3934D30-75F2-46D1-A292-F52C06BD0358}.Debug|Any CPU.Build.0 = Debug|Any CPU
		{A3934D30-75F2-46D1-A292-F52C06BD0358}.Release|Any CPU.ActiveCfg = Release|Any CPU
		{A3934D30-75F2-46D1-A292-F52C06BD0358}.Release|Any CPU.Build.0 = Release|Any CPU
	EndGlobalSection
	GlobalSection(SolutionProperties) = preSolution
		HideSolutionNode = FALSE
	EndGlobalSection
	GlobalSection(ExtensibilityGlobals) = postSolution
		SolutionGuid = {844528A5-8FAE-4CAA-B64A-BCA03F0AEF99}
	EndGlobalSection
EndGlobal
